
Microsoft Visual Studio Solution File, Format Version 12.00
# Visual Studio Version 16
VisualStudioVersion = 16.0.31313.381
MinimumVisualStudioVersion = 10.0.40219.1
Project("{9A19103F-16F7-4668-BE54-9A1E7A4F7556}") = "Firenet", "Firenet\Firenet.csproj", "{09020537-1F77-4FB0-B265-73A2C3AA9CFD}"
EndProject
Project("{FAE04EC0-301F-11D3-BF4B-00C04F79EFBC}") = "UnitTests", "UnitTests\UnitTests.csproj", "{F7CD16FF-D8AE-4369-85EF-573D41456418}"
EndProject
Global
	GlobalSection(SolutionConfigurationPlatforms) = preSolution
		Debug|Any CPU = Debug|Any CPU
		Release|Any CPU = Release|Any CPU
	EndGlobalSection
	GlobalSection(ProjectConfigurationPlatforms) = postSolution
		{09020537-1F77-4FB0-B265-73A2C3AA9CFD}.Debug|Any CPU.ActiveCfg = Debug|Any CPU
		{09020537-1F77-4FB0-B265-73A2C3AA9CFD}.Debug|Any CPU.Build.0 = Debug|Any CPU
		{09020537-1F77-4FB0-B265-73A2C3AA9CFD}.Release|Any CPU.ActiveCfg = Release|Any CPU
		{09020537-1F77-4FB0-B265-73A2C3AA9CFD}.Release|Any CPU.Build.0 = Release|Any CPU
		{F7CD16FF-D8AE-4369-85EF-573D41456418}.Debug|Any CPU.ActiveCfg = Debug|Any CPU
		{F7CD16FF-D8AE-4369-85EF-573D41456418}.Debug|Any CPU.Build.0 = Debug|Any CPU
		{F7CD16FF-D8AE-4369-85EF-573D41456418}.Release|Any CPU.ActiveCfg = Release|Any CPU
		{F7CD16FF-D8AE-4369-85EF-573D41456418}.Release|Any CPU.Build.0 = Release|Any CPU
	EndGlobalSection
	GlobalSection(SolutionProperties) = preSolution
		HideSolutionNode = FALSE
	EndGlobalSection
	GlobalSection(ExtensibilityGlobals) = postSolution
		SolutionGuid = {AFDAAC0C-6A12-4E0F-869B-F57D85ADA0A3}
	EndGlobalSection
EndGlobal
